
Microsoft Visual Studio Solution File, Format Version 12.00
# Visual Studio Version 16
VisualStudioVersion = 16.0.31129.286
MinimumVisualStudioVersion = 10.0.40219.1
Project("{FAE04EC0-301F-11D3-BF4B-00C04F79EFBC}") = "QA2", "QA2\QA2.csproj", "{188A4BBD-9B8D-4C6F-8EE8-A6A6F43A4C19}"
EndProject
Global
	GlobalSection(SolutionConfigurationPlatforms) = preSolution
		Debug|Any CPU = Debug|Any CPU
		Release|Any CPU = Release|Any CPU
	EndGlobalSection
	GlobalSection(ProjectConfigurationPlatforms) = postSolution
		{188A4BBD-9B8D-4C6F-8EE8-A6A6F43A4C19}.Debug|Any CPU.ActiveCfg = Debug|Any CPU
		{188A4BBD-9B8D-4C6F-8EE8-A6A6F43A4C19}.Debug|Any CPU.Build.0 = Debug|Any CPU
		{188A4BBD-9B8D-4C6F-8EE8-A6A6F43A4C19}.Release|Any CPU.ActiveCfg = Release|Any CPU
		{188A4BBD-9B8D-4C6F-8EE8-A6A6F43A4C19}.Release|Any CPU.Build.0 = Release|Any CPU
	EndGlobalSection
	GlobalSection(SolutionProperties) = preSolution
		HideSolutionNode = FALSE
	EndGlobalSection
	GlobalSection(ExtensibilityGlobals) = postSolution
		SolutionGuid = {5D51C325-569F-4066-8FCD-60BF890915A5}
	EndGlobalSection
EndGlobal
